# This file is automatically @generated by Cargo.
# It is not intended for manual editing.
version = 3

[[package]]
name = "atomic"
version = "0.5.3"
source = "registry+https://github.com/rust-lang/crates.io-index"
checksum = "c59bdb34bc650a32731b31bd8f0829cc15d24a708ee31559e0bb34f2bc320cba"

[[package]]
name = "byteorder"
version = "1.4.3"
source = "registry+https://github.com/rust-lang/crates.io-index"
checksum = "14c189c53d098945499cdfa7ecc63567cf3886b3332b312a5b4585d8d3a6a610"

[[package]]
name = "cc"
version = "1.0.79"
source = "registry+https://github.com/rust-lang/crates.io-index"
checksum = "50d30906286121d95be3d479533b458f87493b30a4b5f79a607db8f5d11aa91f"

[[package]]
name = "cfg-if"
version = "1.0.0"
source = "registry+https://github.com/rust-lang/crates.io-index"
checksum = "baf1de4339761588bc0619e3cbc0120ee582ebb74b53b4efbf79117bd2da40fd"

[[package]]
name = "fxhash"
version = "0.2.1"
source = "registry+https://github.com/rust-lang/crates.io-index"
checksum = "c31b6d751ae2c7f11320402d34e41349dd1016f8d5d45e48c4312bc8625af50c"
dependencies = [
 "byteorder",
]

[[package]]
name = "hashers"
version = "1.0.1"
source = "registry+https://github.com/rust-lang/crates.io-index"
checksum = "b2bca93b15ea5a746f220e56587f71e73c6165eab783df9e26590069953e3c30"
dependencies = [
 "fxhash",
]

[[package]]
name = "hello_jlrs"
version = "0.1.0"
dependencies = [
 "jlrs",
]

[[package]]
name = "jl-sys"
version = "0.21.1"
source = "registry+https://github.com/rust-lang/crates.io-index"
checksum = "99b1cd2f30c0d9ffafe375867c8782192da490c055e70ac069aad18e612e4965"
dependencies = [
 "atomic",
 "cc",
 "cfg-if",
]

[[package]]
name = "jlrs"
version = "0.18.0"
source = "registry+https://github.com/rust-lang/crates.io-index"
checksum = "4021d08d1dda3b650d2193105d3aba13b0aab38003a00ac05a3ff5678aff4c64"
dependencies = [
 "atomic",
 "cfg-if",
 "hashers",
 "jl-sys",
 "jlrs-macros",
 "once_cell",
 "smallvec",
 "thiserror",
]

[[package]]
name = "jlrs-macros"
version = "0.1.2"
source = "registry+https://github.com/rust-lang/crates.io-index"
checksum = "04145d0f439257232fc1aa962e5c029aa33d574ebe5ececfd7dcd58744d5508d"

[[package]]
name = "once_cell"
version = "1.18.0"
source = "registry+https://github.com/rust-lang/crates.io-index"
checksum = "dd8b5dd2ae5ed71462c540258bedcb51965123ad7e7ccf4b9a8cafaa4a63576d"

[[package]]
name = "proc-macro2"
version = "1.0.60"
source = "registry+https://github.com/rust-lang/crates.io-index"
checksum = "dec2b086b7a862cf4de201096214fa870344cf922b2b30c167badb3af3195406"
dependencies = [
 "unicode-ident",
]

[[package]]
name = "quote"
version = "1.0.28"
source = "registry+https://github.com/rust-lang/crates.io-index"
checksum = "1b9ab9c7eadfd8df19006f1cf1a4aed13540ed5cbc047010ece5826e10825488"
dependencies = [
 "proc-macro2",
]

[[package]]
name = "smallvec"
version = "1.10.0"
source = "registry+https://github.com/rust-lang/crates.io-index"
checksum = "a507befe795404456341dfab10cef66ead4c041f62b8b11bbb92bffe5d0953e0"

[[package]]
name = "syn"
version = "2.0.18"
source = "registry+https://github.com/rust-lang/crates.io-index"
checksum = "32d41677bcbe24c20c52e7c70b0d8db04134c5d1066bf98662e2871ad200ea3e"
dependencies = [
 "proc-macro2",
 "quote",
 "unicode-ident",
]

[[package]]
name = "thiserror"
version = "1.0.40"
source = "registry+https://github.com/rust-lang/crates.io-index"
checksum = "978c9a314bd8dc99be594bc3c175faaa9794be04a5a5e153caba6915336cebac"
dependencies = [
 "thiserror-impl",
]

[[package]]
name = "thiserror-impl"
version = "1.0.40"
source = "registry+https://github.com/rust-lang/crates.io-index"
checksum = "f9456a42c5b0d803c8cd86e73dd7cc9edd429499f37a3550d286d5e86720569f"
dependencies = [
 "proc-macro2",
 "quote",
 "syn",
]

[[package]]
name = "unicode-ident"
version = "1.0.9"
source = "registry+https://github.com/rust-lang/crates.io-index"
checksum = "b15811caf2415fb889178633e7724bad2509101cde276048e013b9def5e51fa0"
